
Microsoft Visual Studio Solution File, Format Version 12.00
# Visual Studio Version 16
VisualStudioVersion = 16.0.29519.181
MinimumVisualStudioVersion = 10.0.40219.1
Project("{FAE04EC0-301F-11D3-BF4B-00C04F79EFBC}") = "ProjectRecept", "ProjectRecept\ProjectRecept.csproj", "{4181CD4E-B70C-48C3-8B30-4FD9D5BD816C}"
EndProject
Global
	GlobalSection(SolutionConfigurationPlatforms) = preSolution
		Debug|ARM = Debug|ARM
		Debug|ARM64 = Debug|ARM64
		Debug|x64 = Debug|x64
		Debug|x86 = Debug|x86
		Release|ARM = Release|ARM
		Release|ARM64 = Release|ARM64
		Release|x64 = Release|x64
		Release|x86 = Release|x86
	EndGlobalSection
	GlobalSection(ProjectConfigurationPlatforms) = postSolution
		{4181CD4E-B70C-48C3-8B30-4FD9D5BD816C}.Debug|ARM.ActiveCfg = Debug|ARM
		{4181CD4E-B70C-48C3-8B30-4FD9D5BD816C}.Debug|ARM.Build.0 = Debug|ARM
		{4181CD4E-B70C-48C3-8B30-4FD9D5BD816C}.Debug|ARM.Deploy.0 = Debug|ARM
		{4181CD4E-B70C-48C3-8B30-4FD9D5BD816C}.Debug|ARM64.ActiveCfg = Debug|ARM64
		{4181CD4E-B70C-48C3-8B30-4FD9D5BD816C}.Debug|ARM64.Build.0 = Debug|ARM64
		{4181CD4E-B70C-48C3-8B30-4FD9D5BD816C}.Debug|ARM64.Deploy.0 = Debug|ARM64
		{4181CD4E-B70C-48C3-8B30-4FD9D5BD816C}.Debug|x64.ActiveCfg = Debug|x64
		{4181CD4E-B70C-48C3-8B30-4FD9D5BD816C}.Debug|x64.Build.0 = Debug|x64
		{4181CD4E-B70C-48C3-8B30-4FD9D5BD816C}.Debug|x64.Deploy.0 = Debug|x64
		{4181CD4E-B70C-48C3-8B30-4FD9D5BD816C}.Debug|x86.ActiveCfg = Debug|x86
		{4181CD4E-B70C-48C3-8B30-4FD9D5BD816C}.Debug|x86.Build.0 = Debug|x86
		{4181CD4E-B70C-48C3-8B30-4FD9D5BD816C}.Debug|x86.Deploy.0 = Debug|x86
		{4181CD4E-B70C-48C3-8B30-4FD9D5BD816C}.Release|ARM.ActiveCfg = Release|ARM
		{4181CD4E-B70C-48C3-8B30-4FD9D5BD816C}.Release|ARM.Build.0 = Release|ARM
		{4181CD4E-B70C-48C3-8B30-4FD9D5BD816C}.Release|ARM.Deploy.0 = Release|ARM
		{4181CD4E-B70C-48C3-8B30-4FD9D5BD816C}.Release|ARM64.ActiveCfg = Release|ARM64
		{4181CD4E-B70C-48C3-8B30-4FD9D5BD816C}.Release|ARM64.Build.0 = Release|ARM64
		{4181CD4E-B70C-48C3-8B30-4FD9D5BD816C}.Release|ARM64.Deploy.0 = Release|ARM64
		{4181CD4E-B70C-48C3-8B30-4FD9D5BD816C}.Release|x64.ActiveCfg = Release|x64
		{4181CD4E-B70C-48C3-8B30-4FD9D5BD816C}.Release|x64.Build.0 = Release|x64
		{4181CD4E-B70C-48C3-8B30-4FD9D5BD816C}.Release|x64.Deploy.0 = Release|x64
		{4181CD4E-B70C-48C3-8B30-4FD9D5BD816C}.Release|x86.ActiveCfg = Release|x86
		{4181CD4E-B70C-48C3-8B30-4FD9D5BD816C}.Release|x86.Build.0 = Release|x86
		{4181CD4E-B70C-48C3-8B30-4FD9D5BD816C}.Release|x86.Deploy.0 = Release|x86
	EndGlobalSection
	GlobalSection(SolutionProperties) = preSolution
		HideSolutionNode = FALSE
	EndGlobalSection
	GlobalSection(ExtensibilityGlobals) = postSolution
		SolutionGuid = {8B46E607-9A03-4E29-B0CC-2DCA55F71209}
	EndGlobalSection
EndGlobal
